
Microsoft Visual Studio Solution File, Format Version 12.00
# Visual Studio 2012
Project("{FAE04EC0-301F-11D3-BF4B-00C04F79EFBC}") = "Indy.HTML", "Indy.HTML\Indy.HTML.csproj", "{0494CEA8-4DA0-43F9-A600-91B4E2B5F62E}"
EndProject
Project("{2150E333-8FDC-42A3-9474-1A3956D46DE8}") = "Core", "Core", "{A5EF855F-79A5-4B0D-AD79-1E55C8BF9AC8}"
EndProject
Project("{2150E333-8FDC-42A3-9474-1A3956D46DE8}") = "Clients", "Clients", "{3BF3B513-8B46-43A6-BE29-CCF8017E1C88}"
EndProject
Project("{FAE04EC0-301F-11D3-BF4B-00C04F79EFBC}") = "Indy.PhoneGap", "Indy.PhoneGap\Indy.PhoneGap.csproj", "{731FDDAD-3B6D-4A18-ABEF-F35574FBE9BF}"
EndProject
Project("{262852C6-CD72-467D-83FE-5EEB1973A190}") = "Indy.Win8", "Indy.Win8\Indy.Win8.jsproj", "{30B4D00E-0265-4D32-994C-675D96C48D87}"
EndProject
Project("{FAE04EC0-301F-11D3-BF4B-00C04F79EFBC}") = "Indy.Core", "Indy.Core\Indy.Core.csproj", "{F4B61B68-07DA-4273-90D5-7FA739296C73}"
EndProject
Project("{FAE04EC0-301F-11D3-BF4B-00C04F79EFBC}") = "Indy.Core.Tests", "Indy.Core.Tests\Indy.Core.Tests.csproj", "{99DDB5D2-1618-4B20-B0F9-6EDA5C7B7A71}"
EndProject
Project("{2150E333-8FDC-42A3-9474-1A3956D46DE8}") = "API", "API", "{38041759-A33E-4B5D-8B98-C06F25E90802}"
EndProject
Project("{FAE04EC0-301F-11D3-BF4B-00C04F79EFBC}") = "Indy.API", "Indy.API\Indy.API.csproj", "{E94D84E6-30B5-4BD6-BE9B-8270AA708983}"
EndProject
Project("{FAE04EC0-301F-11D3-BF4B-00C04F79EFBC}") = "Indy.API.Tests", "Indy.API.Tests\Indy.API.Tests.csproj", "{8D1F1FFB-E1DB-4540-B0B9-02822B297C13}"
EndProject
Project("{FAE04EC0-301F-11D3-BF4B-00C04F79EFBC}") = "Indy.API.Models", "Indy.API.Models\Indy.API.Models.csproj", "{59F533C3-EAEA-4DCF-B22A-CFD70F720142}"
EndProject
Project("{FAE04EC0-301F-11D3-BF4B-00C04F79EFBC}") = "Indy.Web", "Indy.Web\Indy.Web.csproj", "{C5E73813-A9BF-462D-8683-2B6920F5A684}"
EndProject
Global
	GlobalSection(SolutionConfigurationPlatforms) = preSolution
		Debug|Any CPU = Debug|Any CPU
		Debug|ARM = Debug|ARM
		Debug|x64 = Debug|x64
		Debug|x86 = Debug|x86
		Release|Any CPU = Release|Any CPU
		Release|ARM = Release|ARM
		Release|x64 = Release|x64
		Release|x86 = Release|x86
	EndGlobalSection
	GlobalSection(ProjectConfigurationPlatforms) = postSolution
		{0494CEA8-4DA0-43F9-A600-91B4E2B5F62E}.Debug|Any CPU.ActiveCfg = Debug|Any CPU
		{0494CEA8-4DA0-43F9-A600-91B4E2B5F62E}.Debug|Any CPU.Build.0 = Debug|Any CPU
		{0494CEA8-4DA0-43F9-A600-91B4E2B5F62E}.Debug|ARM.ActiveCfg = Debug|Any CPU
		{0494CEA8-4DA0-43F9-A600-91B4E2B5F62E}.Debug|x64.ActiveCfg = Debug|Any CPU
		{0494CEA8-4DA0-43F9-A600-91B4E2B5F62E}.Debug|x86.ActiveCfg = Debug|Any CPU
		{0494CEA8-4DA0-43F9-A600-91B4E2B5F62E}.Release|Any CPU.ActiveCfg = Release|Any CPU
		{0494CEA8-4DA0-43F9-A600-91B4E2B5F62E}.Release|Any CPU.Build.0 = Release|Any CPU
		{0494CEA8-4DA0-43F9-A600-91B4E2B5F62E}.Release|ARM.ActiveCfg = Release|Any CPU
		{0494CEA8-4DA0-43F9-A600-91B4E2B5F62E}.Release|x64.ActiveCfg = Release|Any CPU
		{0494CEA8-4DA0-43F9-A600-91B4E2B5F62E}.Release|x86.ActiveCfg = Release|Any CPU
		{731FDDAD-3B6D-4A18-ABEF-F35574FBE9BF}.Debug|Any CPU.ActiveCfg = Debug|Any CPU
		{731FDDAD-3B6D-4A18-ABEF-F35574FBE9BF}.Debug|Any CPU.Build.0 = Debug|Any CPU
		{731FDDAD-3B6D-4A18-ABEF-F35574FBE9BF}.Debug|Any CPU.Deploy.0 = Debug|Any CPU
		{731FDDAD-3B6D-4A18-ABEF-F35574FBE9BF}.Debug|ARM.ActiveCfg = Debug|Any CPU
		{731FDDAD-3B6D-4A18-ABEF-F35574FBE9BF}.Debug|x64.ActiveCfg = Debug|Any CPU
		{731FDDAD-3B6D-4A18-ABEF-F35574FBE9BF}.Debug|x86.ActiveCfg = Debug|Any CPU
		{731FDDAD-3B6D-4A18-ABEF-F35574FBE9BF}.Release|Any CPU.ActiveCfg = Release|Any CPU
		{731FDDAD-3B6D-4A18-ABEF-F35574FBE9BF}.Release|Any CPU.Build.0 = Release|Any CPU
		{731FDDAD-3B6D-4A18-ABEF-F35574FBE9BF}.Release|Any CPU.Deploy.0 = Release|Any CPU
		{731FDDAD-3B6D-4A18-ABEF-F35574FBE9BF}.Release|ARM.ActiveCfg = Release|Any CPU
		{731FDDAD-3B6D-4A18-ABEF-F35574FBE9BF}.Release|x64.ActiveCfg = Release|Any CPU
		{731FDDAD-3B6D-4A18-ABEF-F35574FBE9BF}.Release|x86.ActiveCfg = Release|Any CPU
		{30B4D00E-0265-4D32-994C-675D96C48D87}.Debug|Any CPU.ActiveCfg = Debug|Any CPU
		{30B4D00E-0265-4D32-994C-675D96C48D87}.Debug|Any CPU.Build.0 = Debug|Any CPU
		{30B4D00E-0265-4D32-994C-675D96C48D87}.Debug|Any CPU.Deploy.0 = Debug|Any CPU
		{30B4D00E-0265-4D32-994C-675D96C48D87}.Debug|ARM.ActiveCfg = Debug|ARM
		{30B4D00E-0265-4D32-994C-675D96C48D87}.Debug|ARM.Build.0 = Debug|ARM
		{30B4D00E-0265-4D32-994C-675D96C48D87}.Debug|ARM.Deploy.0 = Debug|ARM
		{30B4D00E-0265-4D32-994C-675D96C48D87}.Debug|x64.ActiveCfg = Debug|x64
		{30B4D00E-0265-4D32-994C-675D96C48D87}.Debug|x64.Build.0 = Debug|x64
		{30B4D00E-0265-4D32-994C-675D96C48D87}.Debug|x64.Deploy.0 = Debug|x64
		{30B4D00E-0265-4D32-994C-675D96C48D87}.Debug|x86.ActiveCfg = Debug|x86
		{30B4D00E-0265-4D32-994C-675D96C48D87}.Debug|x86.Build.0 = Debug|x86
		{30B4D00E-0265-4D32-994C-675D96C48D87}.Debug|x86.Deploy.0 = Debug|x86
		{30B4D00E-0265-4D32-994C-675D96C48D87}.Release|Any CPU.ActiveCfg = Release|Any CPU
		{30B4D00E-0265-4D32-994C-675D96C48D87}.Release|Any CPU.Build.0 = Release|Any CPU
		{30B4D00E-0265-4D32-994C-675D96C48D87}.Release|Any CPU.Deploy.0 = Release|Any CPU
		{30B4D00E-0265-4D32-994C-675D96C48D87}.Release|ARM.ActiveCfg = Release|ARM
		{30B4D00E-0265-4D32-994C-675D96C48D87}.Release|ARM.Build.0 = Release|ARM
		{30B4D00E-0265-4D32-994C-675D96C48D87}.Release|ARM.Deploy.0 = Release|ARM
		{30B4D00E-0265-4D32-994C-675D96C48D87}.Release|x64.ActiveCfg = Release|x64
		{30B4D00E-0265-4D32-994C-675D96C48D87}.Release|x64.Build.0 = Release|x64
		{30B4D00E-0265-4D32-994C-675D96C48D87}.Release|x64.Deploy.0 = Release|x64
		{30B4D00E-0265-4D32-994C-675D96C48D87}.Release|x86.ActiveCfg = Release|x86
		{30B4D00E-0265-4D32-994C-675D96C48D87}.Release|x86.Build.0 = Release|x86
		{30B4D00E-0265-4D32-994C-675D96C48D87}.Release|x86.Deploy.0 = Release|x86
		{F4B61B68-07DA-4273-90D5-7FA739296C73}.Debug|Any CPU.ActiveCfg = Debug|Any CPU
		{F4B61B68-07DA-4273-90D5-7FA739296C73}.Debug|Any CPU.Build.0 = Debug|Any CPU
		{F4B61B68-07DA-4273-90D5-7FA739296C73}.Debug|ARM.ActiveCfg = Debug|Any CPU
		{F4B61B68-07DA-4273-90D5-7FA739296C73}.Debug|x64.ActiveCfg = Debug|Any CPU
		{F4B61B68-07DA-4273-90D5-7FA739296C73}.Debug|x86.ActiveCfg = Debug|Any CPU
		{F4B61B68-07DA-4273-90D5-7FA739296C73}.Release|Any CPU.ActiveCfg = Release|Any CPU
		{F4B61B68-07DA-4273-90D5-7FA739296C73}.Release|Any CPU.Build.0 = Release|Any CPU
		{F4B61B68-07DA-4273-90D5-7FA739296C73}.Release|ARM.ActiveCfg = Release|Any CPU
		{F4B61B68-07DA-4273-90D5-7FA739296C73}.Release|x64.ActiveCfg = Release|Any CPU
		{F4B61B68-07DA-4273-90D5-7FA739296C73}.Release|x86.ActiveCfg = Release|Any CPU
		{99DDB5D2-1618-4B20-B0F9-6EDA5C7B7A71}.Debug|Any CPU.ActiveCfg = Debug|Any CPU
		{99DDB5D2-1618-4B20-B0F9-6EDA5C7B7A71}.Debug|Any CPU.Build.0 = Debug|Any CPU
		{99DDB5D2-1618-4B20-B0F9-6EDA5C7B7A71}.Debug|ARM.ActiveCfg = Debug|Any CPU
		{99DDB5D2-1618-4B20-B0F9-6EDA5C7B7A71}.Debug|x64.ActiveCfg = Debug|Any CPU
		{99DDB5D2-1618-4B20-B0F9-6EDA5C7B7A71}.Debug|x86.ActiveCfg = Debug|Any CPU
		{99DDB5D2-1618-4B20-B0F9-6EDA5C7B7A71}.Release|Any CPU.ActiveCfg = Release|Any CPU
		{99DDB5D2-1618-4B20-B0F9-6EDA5C7B7A71}.Release|Any CPU.Build.0 = Release|Any CPU
		{99DDB5D2-1618-4B20-B0F9-6EDA5C7B7A71}.Release|ARM.ActiveCfg = Release|Any CPU
		{99DDB5D2-1618-4B20-B0F9-6EDA5C7B7A71}.Release|x64.ActiveCfg = Release|Any CPU
		{99DDB5D2-1618-4B20-B0F9-6EDA5C7B7A71}.Release|x86.ActiveCfg = Release|Any CPU
		{E94D84E6-30B5-4BD6-BE9B-8270AA708983}.Debug|Any CPU.ActiveCfg = Debug|Any CPU
		{E94D84E6-30B5-4BD6-BE9B-8270AA708983}.Debug|Any CPU.Build.0 = Debug|Any CPU
		{E94D84E6-30B5-4BD6-BE9B-8270AA708983}.Debug|ARM.ActiveCfg = Debug|Any CPU
		{E94D84E6-30B5-4BD6-BE9B-8270AA708983}.Debug|x64.ActiveCfg = Debug|Any CPU
		{E94D84E6-30B5-4BD6-BE9B-8270AA708983}.Debug|x86.ActiveCfg = Debug|Any CPU
		{E94D84E6-30B5-4BD6-BE9B-8270AA708983}.Release|Any CPU.ActiveCfg = Release|Any CPU
		{E94D84E6-30B5-4BD6-BE9B-8270AA708983}.Release|Any CPU.Build.0 = Release|Any CPU
		{E94D84E6-30B5-4BD6-BE9B-8270AA708983}.Release|ARM.ActiveCfg = Release|Any CPU
		{E94D84E6-30B5-4BD6-BE9B-8270AA708983}.Release|x64.ActiveCfg = Release|Any CPU
		{E94D84E6-30B5-4BD6-BE9B-8270AA708983}.Release|x86.ActiveCfg = Release|Any CPU
		{8D1F1FFB-E1DB-4540-B0B9-02822B297C13}.Debug|Any CPU.ActiveCfg = Debug|Any CPU
		{8D1F1FFB-E1DB-4540-B0B9-02822B297C13}.Debug|Any CPU.Build.0 = Debug|Any CPU
		{8D1F1FFB-E1DB-4540-B0B9-02822B297C13}.Debug|ARM.ActiveCfg = Debug|Any CPU
		{8D1F1FFB-E1DB-4540-B0B9-02822B297C13}.Debug|x64.ActiveCfg = Debug|Any CPU
		{8D1F1FFB-E1DB-4540-B0B9-02822B297C13}.Debug|x86.ActiveCfg = Debug|Any CPU
		{8D1F1FFB-E1DB-4540-B0B9-02822B297C13}.Release|Any CPU.ActiveCfg = Release|Any CPU
		{8D1F1FFB-E1DB-4540-B0B9-02822B297C13}.Release|Any CPU.Build.0 = Release|Any CPU
		{8D1F1FFB-E1DB-4540-B0B9-02822B297C13}.Release|ARM.ActiveCfg = Release|Any CPU
		{8D1F1FFB-E1DB-4540-B0B9-02822B297C13}.Release|x64.ActiveCfg = Release|Any CPU
		{8D1F1FFB-E1DB-4540-B0B9-02822B297C13}.Release|x86.ActiveCfg = Release|Any CPU
		{59F533C3-EAEA-4DCF-B22A-CFD70F720142}.Debug|Any CPU.ActiveCfg = Debug|Any CPU
		{59F533C3-EAEA-4DCF-B22A-CFD70F720142}.Debug|Any CPU.Build.0 = Debug|Any CPU
		{59F533C3-EAEA-4DCF-B22A-CFD70F720142}.Debug|ARM.ActiveCfg = Debug|Any CPU
		{59F533C3-EAEA-4DCF-B22A-CFD70F720142}.Debug|x64.ActiveCfg = Debug|Any CPU
		{59F533C3-EAEA-4DCF-B22A-CFD70F720142}.Debug|x86.ActiveCfg = Debug|Any CPU
		{59F533C3-EAEA-4DCF-B22A-CFD70F720142}.Release|Any CPU.ActiveCfg = Release|Any CPU
		{59F533C3-EAEA-4DCF-B22A-CFD70F720142}.Release|Any CPU.Build.0 = Release|Any CPU
		{59F533C3-EAEA-4DCF-B22A-CFD70F720142}.Release|ARM.ActiveCfg = Release|Any CPU
		{59F533C3-EAEA-4DCF-B22A-CFD70F720142}.Release|x64.ActiveCfg = Release|Any CPU
		{59F533C3-EAEA-4DCF-B22A-CFD70F720142}.Release|x86.ActiveCfg = Release|Any CPU
		{C5E73813-A9BF-462D-8683-2B6920F5A684}.Debug|Any CPU.ActiveCfg = Debug|Any CPU
		{C5E73813-A9BF-462D-8683-2B6920F5A684}.Debug|Any CPU.Build.0 = Debug|Any CPU
		{C5E73813-A9BF-462D-8683-2B6920F5A684}.Debug|ARM.ActiveCfg = Debug|Any CPU
		{C5E73813-A9BF-462D-8683-2B6920F5A684}.Debug|x64.ActiveCfg = Debug|Any CPU
		{C5E73813-A9BF-462D-8683-2B6920F5A684}.Debug|x86.ActiveCfg = Debug|Any CPU
		{C5E73813-A9BF-462D-8683-2B6920F5A684}.Release|Any CPU.ActiveCfg = Release|Any CPU
		{C5E73813-A9BF-462D-8683-2B6920F5A684}.Release|Any CPU.Build.0 = Release|Any CPU
		{C5E73813-A9BF-462D-8683-2B6920F5A684}.Release|ARM.ActiveCfg = Release|Any CPU
		{C5E73813-A9BF-462D-8683-2B6920F5A684}.Release|x64.ActiveCfg = Release|Any CPU
		{C5E73813-A9BF-462D-8683-2B6920F5A684}.Release|x86.ActiveCfg = Release|Any CPU
	EndGlobalSection
	GlobalSection(SolutionProperties) = preSolution
		HideSolutionNode = FALSE
	EndGlobalSection
	GlobalSection(NestedProjects) = preSolution
		{F4B61B68-07DA-4273-90D5-7FA739296C73} = {A5EF855F-79A5-4B0D-AD79-1E55C8BF9AC8}
		{99DDB5D2-1618-4B20-B0F9-6EDA5C7B7A71} = {A5EF855F-79A5-4B0D-AD79-1E55C8BF9AC8}
		{731FDDAD-3B6D-4A18-ABEF-F35574FBE9BF} = {3BF3B513-8B46-43A6-BE29-CCF8017E1C88}
		{30B4D00E-0265-4D32-994C-675D96C48D87} = {3BF3B513-8B46-43A6-BE29-CCF8017E1C88}
		{C5E73813-A9BF-462D-8683-2B6920F5A684} = {3BF3B513-8B46-43A6-BE29-CCF8017E1C88}
		{E94D84E6-30B5-4BD6-BE9B-8270AA708983} = {38041759-A33E-4B5D-8B98-C06F25E90802}
		{8D1F1FFB-E1DB-4540-B0B9-02822B297C13} = {38041759-A33E-4B5D-8B98-C06F25E90802}
		{59F533C3-EAEA-4DCF-B22A-CFD70F720142} = {38041759-A33E-4B5D-8B98-C06F25E90802}
	EndGlobalSection
EndGlobal
